
Microsoft Visual Studio Solution File, Format Version 12.00
# Visual Studio 2012
Project("{FAE04EC0-301F-11D3-BF4B-00C04F79EFBC}") = "Dynamics.DataAccess", "Dynamics.DataAccess\Dynamics.DataAccess.csproj", "{8304C6CD-8D9B-4D96-91AA-DF1C74881D9A}"
EndProject
Project("{2150E333-8FDC-42A3-9474-1A3956D46DE8}") = "lib", "lib", "{DD464C1C-AFA1-49A2-8188-F43FD489147B}"
	ProjectSection(SolutionItems) = preProject
		..\lib\crmsvcutil.exe = ..\lib\crmsvcutil.exe
		..\lib\microsoft.crm.sdk.proxy.dll = ..\lib\microsoft.crm.sdk.proxy.dll
		..\lib\microsoft.xrm.client.dll = ..\lib\microsoft.xrm.client.dll
		..\lib\microsoft.xrm.sdk.dll = ..\lib\microsoft.xrm.sdk.dll
	EndProjectSection
EndProject
Project("{FAE04EC0-301F-11D3-BF4B-00C04F79EFBC}") = "Dynamics.DataAccess.UnitTests", "Dynamics.DataAccess.UnitTests\Dynamics.DataAccess.UnitTests.csproj", "{A1201276-345C-4656-B86E-BFC652880CD9}"
EndProject
Global
	GlobalSection(SolutionConfigurationPlatforms) = preSolution
		Debug|Any CPU = Debug|Any CPU
		Release|Any CPU = Release|Any CPU
	EndGlobalSection
	GlobalSection(ProjectConfigurationPlatforms) = postSolution
		{8304C6CD-8D9B-4D96-91AA-DF1C74881D9A}.Debug|Any CPU.ActiveCfg = Debug|Any CPU
		{8304C6CD-8D9B-4D96-91AA-DF1C74881D9A}.Debug|Any CPU.Build.0 = Debug|Any CPU
		{8304C6CD-8D9B-4D96-91AA-DF1C74881D9A}.Release|Any CPU.ActiveCfg = Release|Any CPU
		{8304C6CD-8D9B-4D96-91AA-DF1C74881D9A}.Release|Any CPU.Build.0 = Release|Any CPU
		{A1201276-345C-4656-B86E-BFC652880CD9}.Debug|Any CPU.ActiveCfg = Debug|Any CPU
		{A1201276-345C-4656-B86E-BFC652880CD9}.Debug|Any CPU.Build.0 = Debug|Any CPU
		{A1201276-345C-4656-B86E-BFC652880CD9}.Release|Any CPU.ActiveCfg = Release|Any CPU
		{A1201276-345C-4656-B86E-BFC652880CD9}.Release|Any CPU.Build.0 = Release|Any CPU
	EndGlobalSection
	GlobalSection(SolutionProperties) = preSolution
		HideSolutionNode = FALSE
	EndGlobalSection
EndGlobal
